// !$*UTF8*$!
{
	archiveVersion = 1;
	classes = {
	};
	objectVersion = 46;
	objects = {

/* Begin PBXBuildFile section */
		AB2A7A6015B18A66008F7B4B /* Foundation.framework in Frameworks */ = {isa = PBXBuildFile; fileRef = AB2A7A5F15B18A66008F7B4B /* Foundation.framework */; };
		AB2A7A6E15B18A66008F7B4B /* SenTestingKit.framework in Frameworks */ = {isa = PBXBuildFile; fileRef = AB2A7A6D15B18A66008F7B4B /* SenTestingKit.framework */; };
		AB2A7A7115B18A66008F7B4B /* Foundation.framework in Frameworks */ = {isa = PBXBuildFile; fileRef = AB2A7A5F15B18A66008F7B4B /* Foundation.framework */; };
		AB2A7A7415B18A66008F7B4B /* libLXSupport.a in Frameworks */ = {isa = PBXBuildFile; fileRef = AB2A7A5C15B18A66008F7B4B /* libLXSupport.a */; };
		AB2A7A7A15B18A66008F7B4B /* InfoPlist.strings in Resources */ = {isa = PBXBuildFile; fileRef = AB2A7A7815B18A66008F7B4B /* InfoPlist.strings */; };
		AB2A7A9415B18B00008F7B4B /* UIColor+LXSupport.h in Headers */ = {isa = PBXBuildFile; fileRef = AB2A7A9215B18B00008F7B4B /* UIColor+LXSupport.h */; };
		AB2A7A9515B18B00008F7B4B /* UIColor+LXSupport.m in Sources */ = {isa = PBXBuildFile; fileRef = AB2A7A9315B18B00008F7B4B /* UIColor+LXSupport.m */; };
		AB2A7A9715B18B14008F7B4B /* UIKit.framework in Frameworks */ = {isa = PBXBuildFile; fileRef = AB2A7A9615B18B14008F7B4B /* UIKit.framework */; };
		AB2A7A9B15B18DA6008F7B4B /* UIColor+LXSupportTests.m in Sources */ = {isa = PBXBuildFile; fileRef = AB2A7A9A15B18DA6008F7B4B /* UIColor+LXSupportTests.m */; };
		AB2A7A9C15B18EFB008F7B4B /* UIKit.framework in Frameworks */ = {isa = PBXBuildFile; fileRef = AB2A7A9615B18B14008F7B4B /* UIKit.framework */; };
		AB82414A15B7DFE30095F844 /* CoreGraphics.framework in Frameworks */ = {isa = PBXBuildFile; fileRef = AB82414915B7DFE30095F844 /* CoreGraphics.framework */; };
		AB82414E15B7E0BD0095F844 /* CGGeometry+LXSupportTests.m in Sources */ = {isa = PBXBuildFile; fileRef = AB82414D15B7E0BD0095F844 /* CGGeometry+LXSupportTests.m */; };
		ABEF2ED915B19B33003FA8E7 /* NSDictionary+LXSupport.h in Headers */ = {isa = PBXBuildFile; fileRef = ABEF2ED715B19B33003FA8E7 /* NSDictionary+LXSupport.h */; };
		ABEF2EDA15B19B33003FA8E7 /* NSDictionary+LXSupport.m in Sources */ = {isa = PBXBuildFile; fileRef = ABEF2ED815B19B33003FA8E7 /* NSDictionary+LXSupport.m */; };
		ABEF2EDD15B19B75003FA8E7 /* NSDictionary+LXSupportTests.m in Sources */ = {isa = PBXBuildFile; fileRef = ABEF2EDC15B19B75003FA8E7 /* NSDictionary+LXSupportTests.m */; };
		ABEF2EE015B19C5C003FA8E7 /* NSArray+LXSupport.h in Headers */ = {isa = PBXBuildFile; fileRef = ABEF2EDE15B19C5C003FA8E7 /* NSArray+LXSupport.h */; };
		ABEF2EE115B19C5C003FA8E7 /* NSArray+LXSupport.m in Sources */ = {isa = PBXBuildFile; fileRef = ABEF2EDF15B19C5C003FA8E7 /* NSArray+LXSupport.m */; };
		ABEF2EE715B19D96003FA8E7 /* LXSupport.h in Headers */ = {isa = PBXBuildFile; fileRef = ABEF2EE515B19D96003FA8E7 /* LXSupport.h */; };
		ABEF2EEB15B19DFA003FA8E7 /* NSArray+LXSupportTests.m in Sources */ = {isa = PBXBuildFile; fileRef = ABEF2EEA15B19DFA003FA8E7 /* NSArray+LXSupportTests.m */; };
/* End PBXBuildFile section */

/* Begin PBXContainerItemProxy section */
		AB2A7A7215B18A66008F7B4B /* PBXContainerItemProxy */ = {
			isa = PBXContainerItemProxy;
			containerPortal = AB2A7A5315B18A66008F7B4B /* Project object */;
			proxyType = 1;
			remoteGlobalIDString = AB2A7A5B15B18A66008F7B4B;
			remoteInfo = LXSupport;
		};
/* End PBXContainerItemProxy section */

/* Begin PBXFileReference section */
		AB2A7A5C15B18A66008F7B4B /* libLXSupport.a */ = {isa = PBXFileReference; explicitFileType = archive.ar; includeInIndex = 0; path = libLXSupport.a; sourceTree = BUILT_PRODUCTS_DIR; };
		AB2A7A5F15B18A66008F7B4B /* Foundation.framework */ = {isa = PBXFileReference; lastKnownFileType = wrapper.framework; name = Foundation.framework; path = System/Library/Frameworks/Foundation.framework; sourceTree = SDKROOT; };
		AB2A7A6315B18A66008F7B4B /* LXSupport-Prefix.pch */ = {isa = PBXFileReference; lastKnownFileType = sourcecode.c.h; path = "LXSupport-Prefix.pch"; sourceTree = "<group>"; };
		AB2A7A6C15B18A66008F7B4B /* LXSupportTests.octest */ = {isa = PBXFileReference; explicitFileType = wrapper.cfbundle; includeInIndex = 0; path = LXSupportTests.octest; sourceTree = BUILT_PRODUCTS_DIR; };
		AB2A7A6D15B18A66008F7B4B /* SenTestingKit.framework */ = {isa = PBXFileReference; lastKnownFileType = wrapper.framework; name = SenTestingKit.framework; path = Library/Frameworks/SenTestingKit.framework; sourceTree = DEVELOPER_DIR; };
		AB2A7A7715B18A66008F7B4B /* LXSupportTests-Info.plist */ = {isa = PBXFileReference; lastKnownFileType = text.plist.xml; path = "LXSupportTests-Info.plist"; sourceTree = "<group>"; };
		AB2A7A7915B18A66008F7B4B /* en */ = {isa = PBXFileReference; lastKnownFileType = text.plist.strings; name = en; path = en.lproj/InfoPlist.strings; sourceTree = "<group>"; };
		AB2A7A9215B18B00008F7B4B /* UIColor+LXSupport.h */ = {isa = PBXFileReference; fileEncoding = 4; lastKnownFileType = sourcecode.c.h; path = "UIColor+LXSupport.h"; sourceTree = "<group>"; };
		AB2A7A9315B18B00008F7B4B /* UIColor+LXSupport.m */ = {isa = PBXFileReference; fileEncoding = 4; lastKnownFileType = sourcecode.c.objc; path = "UIColor+LXSupport.m"; sourceTree = "<group>"; };
		AB2A7A9615B18B14008F7B4B /* UIKit.framework */ = {isa = PBXFileReference; lastKnownFileType = wrapper.framework; name = UIKit.framework; path = System/Library/Frameworks/UIKit.framework; sourceTree = SDKROOT; };
		AB2A7A9915B18DA6008F7B4B /* UIColor+LXSupportTests.h */ = {isa = PBXFileReference; fileEncoding = 4; lastKnownFileType = sourcecode.c.h; path = "UIColor+LXSupportTests.h"; sourceTree = "<group>"; };
		AB2A7A9A15B18DA6008F7B4B /* UIColor+LXSupportTests.m */ = {isa = PBXFileReference; fileEncoding = 4; lastKnownFileType = sourcecode.c.objc; path = "UIColor+LXSupportTests.m"; sourceTree = "<group>"; };
		AB82414715B7DF6C0095F844 /* CGGeometry+LXSupport.h */ = {isa = PBXFileReference; fileEncoding = 4; lastKnownFileType = sourcecode.c.h; path = "CGGeometry+LXSupport.h"; sourceTree = "<group>"; };
		AB82414915B7DFE30095F844 /* CoreGraphics.framework */ = {isa = PBXFileReference; lastKnownFileType = wrapper.framework; name = CoreGraphics.framework; path = System/Library/Frameworks/CoreGraphics.framework; sourceTree = SDKROOT; };
		AB82414C15B7E0BD0095F844 /* CGGeometry+LXSupportTests.h */ = {isa = PBXFileReference; fileEncoding = 4; lastKnownFileType = sourcecode.c.h; path = "CGGeometry+LXSupportTests.h"; sourceTree = "<group>"; };
		AB82414D15B7E0BD0095F844 /* CGGeometry+LXSupportTests.m */ = {isa = PBXFileReference; fileEncoding = 4; lastKnownFileType = sourcecode.c.objc; path = "CGGeometry+LXSupportTests.m"; sourceTree = "<group>"; };
		ABEF2ED715B19B33003FA8E7 /* NSDictionary+LXSupport.h */ = {isa = PBXFileReference; fileEncoding = 4; lastKnownFileType = sourcecode.c.h; path = "NSDictionary+LXSupport.h"; sourceTree = "<group>"; };
		ABEF2ED815B19B33003FA8E7 /* NSDictionary+LXSupport.m */ = {isa = PBXFileReference; fileEncoding = 4; lastKnownFileType = sourcecode.c.objc; path = "NSDictionary+LXSupport.m"; sourceTree = "<group>"; };
		ABEF2EDB15B19B75003FA8E7 /* NSDictionary+LXSupportTests.h */ = {isa = PBXFileReference; fileEncoding = 4; lastKnownFileType = sourcecode.c.h; path = "NSDictionary+LXSupportTests.h"; sourceTree = "<group>"; };
		ABEF2EDC15B19B75003FA8E7 /* NSDictionary+LXSupportTests.m */ = {isa = PBXFileReference; fileEncoding = 4; lastKnownFileType = sourcecode.c.objc; path = "NSDictionary+LXSupportTests.m"; sourceTree = "<group>"; };
		ABEF2EDE15B19C5C003FA8E7 /* NSArray+LXSupport.h */ = {isa = PBXFileReference; fileEncoding = 4; lastKnownFileType = sourcecode.c.h; path = "NSArray+LXSupport.h"; sourceTree = "<group>"; };
		ABEF2EDF15B19C5C003FA8E7 /* NSArray+LXSupport.m */ = {isa = PBXFileReference; fileEncoding = 4; lastKnownFileType = sourcecode.c.objc; path = "NSArray+LXSupport.m"; sourceTree = "<group>"; };
		ABEF2EE515B19D96003FA8E7 /* LXSupport.h */ = {isa = PBXFileReference; fileEncoding = 4; lastKnownFileType = sourcecode.c.h; path = LXSupport.h; sourceTree = "<group>"; };
		ABEF2EE915B19DFA003FA8E7 /* NSArray+LXSupportTests.h */ = {isa = PBXFileReference; fileEncoding = 4; lastKnownFileType = sourcecode.c.h; path = "NSArray+LXSupportTests.h"; sourceTree = "<group>"; };
		ABEF2EEA15B19DFA003FA8E7 /* NSArray+LXSupportTests.m */ = {isa = PBXFileReference; fileEncoding = 4; lastKnownFileType = sourcecode.c.objc; path = "NSArray+LXSupportTests.m"; sourceTree = "<group>"; };
/* End PBXFileReference section */

/* Begin PBXFrameworksBuildPhase section */
		AB2A7A5915B18A66008F7B4B /* Frameworks */ = {
			isa = PBXFrameworksBuildPhase;
			buildActionMask = 2147483647;
			files = (
				AB82414A15B7DFE30095F844 /* CoreGraphics.framework in Frameworks */,
				AB2A7A9715B18B14008F7B4B /* UIKit.framework in Frameworks */,
				AB2A7A6015B18A66008F7B4B /* Foundation.framework in Frameworks */,
			);
			runOnlyForDeploymentPostprocessing = 0;
		};
		AB2A7A6815B18A66008F7B4B /* Frameworks */ = {
			isa = PBXFrameworksBuildPhase;
			buildActionMask = 2147483647;
			files = (
				AB2A7A9C15B18EFB008F7B4B /* UIKit.framework in Frameworks */,
				AB2A7A6E15B18A66008F7B4B /* SenTestingKit.framework in Frameworks */,
				AB2A7A7115B18A66008F7B4B /* Foundation.framework in Frameworks */,
				AB2A7A7415B18A66008F7B4B /* libLXSupport.a in Frameworks */,
			);
			runOnlyForDeploymentPostprocessing = 0;
		};
/* End PBXFrameworksBuildPhase section */

/* Begin PBXGroup section */
		AB2A7A5115B18A66008F7B4B = {
			isa = PBXGroup;
			children = (
				AB2A7A6115B18A66008F7B4B /* LXSupport */,
				AB2A7A7515B18A66008F7B4B /* LXSupportTests */,
				AB2A7A5E15B18A66008F7B4B /* Frameworks */,
				AB2A7A5D15B18A66008F7B4B /* Products */,
			);
			sourceTree = "<group>";
		};
		AB2A7A5D15B18A66008F7B4B /* Products */ = {
			isa = PBXGroup;
			children = (
				AB2A7A5C15B18A66008F7B4B /* libLXSupport.a */,
				AB2A7A6C15B18A66008F7B4B /* LXSupportTests.octest */,
			);
			name = Products;
			sourceTree = "<group>";
		};
		AB2A7A5E15B18A66008F7B4B /* Frameworks */ = {
			isa = PBXGroup;
			children = (
				AB82414915B7DFE30095F844 /* CoreGraphics.framework */,
				AB2A7A9615B18B14008F7B4B /* UIKit.framework */,
				AB2A7A5F15B18A66008F7B4B /* Foundation.framework */,
				AB2A7A6D15B18A66008F7B4B /* SenTestingKit.framework */,
			);
			name = Frameworks;
			sourceTree = "<group>";
		};
		AB2A7A6115B18A66008F7B4B /* LXSupport */ = {
			isa = PBXGroup;
			children = (
				AB82414515B7DF320095F844 /* Extensions */,
				AB2A7A8615B18A8F008F7B4B /* Categories */,
				AB2A7A6215B18A66008F7B4B /* Supporting Files */,
				ABEF2EE515B19D96003FA8E7 /* LXSupport.h */,
			);
			path = LXSupport;
			sourceTree = "<group>";
		};
		AB2A7A6215B18A66008F7B4B /* Supporting Files */ = {
			isa = PBXGroup;
			children = (
				AB2A7A6315B18A66008F7B4B /* LXSupport-Prefix.pch */,
			);
			name = "Supporting Files";
			sourceTree = "<group>";
		};
		AB2A7A7515B18A66008F7B4B /* LXSupportTests */ = {
			isa = PBXGroup;
			children = (
				AB82414B15B7E0A10095F844 /* Extensions */,
				AB2A7A9815B18D8B008F7B4B /* Categories */,
				AB2A7A7615B18A66008F7B4B /* Supporting Files */,
			);
			path = LXSupportTests;
			sourceTree = "<group>";
		};
		AB2A7A7615B18A66008F7B4B /* Supporting Files */ = {
			isa = PBXGroup;
			children = (
				AB2A7A7715B18A66008F7B4B /* LXSupportTests-Info.plist */,
				AB2A7A7815B18A66008F7B4B /* InfoPlist.strings */,
			);
			name = "Supporting Files";
			sourceTree = "<group>";
		};
		AB2A7A8615B18A8F008F7B4B /* Categories */ = {
			isa = PBXGroup;
			children = (
				AB2A7A9215B18B00008F7B4B /* UIColor+LXSupport.h */,
				AB2A7A9315B18B00008F7B4B /* UIColor+LXSupport.m */,
				ABEF2ED715B19B33003FA8E7 /* NSDictionary+LXSupport.h */,
				ABEF2ED815B19B33003FA8E7 /* NSDictionary+LXSupport.m */,
				ABEF2EDE15B19C5C003FA8E7 /* NSArray+LXSupport.h */,
				ABEF2EDF15B19C5C003FA8E7 /* NSArray+LXSupport.m */,
			);
			name = Categories;
			sourceTree = "<group>";
		};
		AB2A7A9815B18D8B008F7B4B /* Categories */ = {
			isa = PBXGroup;
			children = (
				AB2A7A9915B18DA6008F7B4B /* UIColor+LXSupportTests.h */,
				AB2A7A9A15B18DA6008F7B4B /* UIColor+LXSupportTests.m */,
				ABEF2EDB15B19B75003FA8E7 /* NSDictionary+LXSupportTests.h */,
				ABEF2EDC15B19B75003FA8E7 /* NSDictionary+LXSupportTests.m */,
				ABEF2EE915B19DFA003FA8E7 /* NSArray+LXSupportTests.h */,
				ABEF2EEA15B19DFA003FA8E7 /* NSArray+LXSupportTests.m */,
			);
			name = Categories;
			sourceTree = "<group>";
		};
		AB82414515B7DF320095F844 /* Extensions */ = {
			isa = PBXGroup;
			children = (
				AB82414715B7DF6C0095F844 /* CGGeometry+LXSupport.h */,
			);
			name = Extensions;
			sourceTree = "<group>";
		};
		AB82414B15B7E0A10095F844 /* Extensions */ = {
			isa = PBXGroup;
			children = (
				AB82414C15B7E0BD0095F844 /* CGGeometry+LXSupportTests.h */,
				AB82414D15B7E0BD0095F844 /* CGGeometry+LXSupportTests.m */,
			);
			name = Extensions;
			sourceTree = "<group>";
		};
/* End PBXGroup section */

/* Begin PBXHeadersBuildPhase section */
		AB2A7A5A15B18A66008F7B4B /* Headers */ = {
			isa = PBXHeadersBuildPhase;
			buildActionMask = 2147483647;
			files = (
				AB2A7A9415B18B00008F7B4B /* UIColor+LXSupport.h in Headers */,
				ABEF2ED915B19B33003FA8E7 /* NSDictionary+LXSupport.h in Headers */,
				ABEF2EE015B19C5C003FA8E7 /* NSArray+LXSupport.h in Headers */,
				ABEF2EE715B19D96003FA8E7 /* LXSupport.h in Headers */,
			);
			runOnlyForDeploymentPostprocessing = 0;
		};
/* End PBXHeadersBuildPhase section */

/* Begin PBXNativeTarget section */
		AB2A7A5B15B18A66008F7B4B /* LXSupport */ = {
			isa = PBXNativeTarget;
			buildConfigurationList = AB2A7A8015B18A66008F7B4B /* Build configuration list for PBXNativeTarget "LXSupport" */;
			buildPhases = (
				AB2A7A5815B18A66008F7B4B /* Sources */,
				AB2A7A5915B18A66008F7B4B /* Frameworks */,
				AB2A7A5A15B18A66008F7B4B /* Headers */,
			);
			buildRules = (
			);
			dependencies = (
			);
			name = LXSupport;
			productName = LXSupport;
			productReference = AB2A7A5C15B18A66008F7B4B /* libLXSupport.a */;
			productType = "com.apple.product-type.library.static";
		};
		AB2A7A6B15B18A66008F7B4B /* LXSupportTests */ = {
			isa = PBXNativeTarget;
			buildConfigurationList = AB2A7A8315B18A66008F7B4B /* Build configuration list for PBXNativeTarget "LXSupportTests" */;
			buildPhases = (
				AB2A7A6715B18A66008F7B4B /* Sources */,
				AB2A7A6815B18A66008F7B4B /* Frameworks */,
				AB2A7A6915B18A66008F7B4B /* Resources */,
				AB2A7A6A15B18A66008F7B4B /* ShellScript */,
			);
			buildRules = (
			);
			dependencies = (
				AB2A7A7315B18A66008F7B4B /* PBXTargetDependency */,
			);
			name = LXSupportTests;
			productName = LXSupportTests;
			productReference = AB2A7A6C15B18A66008F7B4B /* LXSupportTests.octest */;
			productType = "com.apple.product-type.bundle";
		};
/* End PBXNativeTarget section */

/* Begin PBXProject section */
		AB2A7A5315B18A66008F7B4B /* Project object */ = {
			isa = PBXProject;
			attributes = {
				CLASSPREFIX = LXS;
				LastUpgradeCheck = 0430;
				ORGANIZATIONNAME = "d--buzz";
			};
			buildConfigurationList = AB2A7A5615B18A66008F7B4B /* Build configuration list for PBXProject "LXSupport" */;
			compatibilityVersion = "Xcode 3.2";
			developmentRegion = English;
			hasScannedForEncodings = 0;
			knownRegions = (
				en,
			);
			mainGroup = AB2A7A5115B18A66008F7B4B;
			productRefGroup = AB2A7A5D15B18A66008F7B4B /* Products */;
			projectDirPath = "";
			projectRoot = "";
			targets = (
				AB2A7A5B15B18A66008F7B4B /* LXSupport */,
				AB2A7A6B15B18A66008F7B4B /* LXSupportTests */,
			);
		};
/* End PBXProject section */

/* Begin PBXResourcesBuildPhase section */
		AB2A7A6915B18A66008F7B4B /* Resources */ = {
			isa = PBXResourcesBuildPhase;
			buildActionMask = 2147483647;
			files = (
				AB2A7A7A15B18A66008F7B4B /* InfoPlist.strings in Resources */,
			);
			runOnlyForDeploymentPostprocessing = 0;
		};
/* End PBXResourcesBuildPhase section */

/* Begin PBXShellScriptBuildPhase section */
		AB2A7A6A15B18A66008F7B4B /* ShellScript */ = {
			isa = PBXShellScriptBuildPhase;
			buildActionMask = 2147483647;
			files = (
			);
			inputPaths = (
			);
			outputPaths = (
			);
			runOnlyForDeploymentPostprocessing = 0;
			shellPath = /bin/sh;
			shellScript = "# Run the unit tests in this test bundle.\n\"${SYSTEM_DEVELOPER_DIR}/Tools/RunUnitTests\"\n";
		};
/* End PBXShellScriptBuildPhase section */

/* Begin PBXSourcesBuildPhase section */
		AB2A7A5815B18A66008F7B4B /* Sources */ = {
			isa = PBXSourcesBuildPhase;
			buildActionMask = 2147483647;
			files = (
				AB2A7A9515B18B00008F7B4B /* UIColor+LXSupport.m in Sources */,
				ABEF2EDA15B19B33003FA8E7 /* NSDictionary+LXSupport.m in Sources */,
				ABEF2EE115B19C5C003FA8E7 /* NSArray+LXSupport.m in Sources */,
			);
			runOnlyForDeploymentPostprocessing = 0;
		};
		AB2A7A6715B18A66008F7B4B /* Sources */ = {
			isa = PBXSourcesBuildPhase;
			buildActionMask = 2147483647;
			files = (
				AB2A7A9B15B18DA6008F7B4B /* UIColor+LXSupportTests.m in Sources */,
				ABEF2EDD15B19B75003FA8E7 /* NSDictionary+LXSupportTests.m in Sources */,
				ABEF2EEB15B19DFA003FA8E7 /* NSArray+LXSupportTests.m in Sources */,
				AB82414E15B7E0BD0095F844 /* CGGeometry+LXSupportTests.m in Sources */,
			);
			runOnlyForDeploymentPostprocessing = 0;
		};
/* End PBXSourcesBuildPhase section */

/* Begin PBXTargetDependency section */
		AB2A7A7315B18A66008F7B4B /* PBXTargetDependency */ = {
			isa = PBXTargetDependency;
			target = AB2A7A5B15B18A66008F7B4B /* LXSupport */;
			targetProxy = AB2A7A7215B18A66008F7B4B /* PBXContainerItemProxy */;
		};
/* End PBXTargetDependency section */

/* Begin PBXVariantGroup section */
		AB2A7A7815B18A66008F7B4B /* InfoPlist.strings */ = {
			isa = PBXVariantGroup;
			children = (
				AB2A7A7915B18A66008F7B4B /* en */,
			);
			name = InfoPlist.strings;
			sourceTree = "<group>";
		};
/* End PBXVariantGroup section */

/* Begin XCBuildConfiguration section */
		AB2A7A7E15B18A66008F7B4B /* Debug */ = {
			isa = XCBuildConfiguration;
			buildSettings = {
				ALWAYS_SEARCH_USER_PATHS = NO;
				ARCHS = "$(ARCHS_STANDARD_32_BIT)";
				CLANG_ENABLE_OBJC_ARC = YES;
				COPY_PHASE_STRIP = NO;
				GCC_C_LANGUAGE_STANDARD = gnu99;
				GCC_DYNAMIC_NO_PIC = NO;
				GCC_OPTIMIZATION_LEVEL = 0;
				GCC_PREPROCESSOR_DEFINITIONS = (
					"DEBUG=1",
					"$(inherited)",
				);
				GCC_SYMBOLS_PRIVATE_EXTERN = NO;
				GCC_VERSION = com.apple.compilers.llvm.clang.1_0;
				GCC_WARN_ABOUT_RETURN_TYPE = YES;
				GCC_WARN_UNINITIALIZED_AUTOS = YES;
				GCC_WARN_UNUSED_VARIABLE = YES;
				IPHONEOS_DEPLOYMENT_TARGET = 5.1;
				SDKROOT = iphoneos;
			};
			name = Debug;
		};
		AB2A7A7F15B18A66008F7B4B /* Release */ = {
			isa = XCBuildConfiguration;
			buildSettings = {
				ALWAYS_SEARCH_USER_PATHS = NO;
				ARCHS = "$(ARCHS_STANDARD_32_BIT)";
				CLANG_ENABLE_OBJC_ARC = YES;
				COPY_PHASE_STRIP = YES;
				GCC_C_LANGUAGE_STANDARD = gnu99;
				GCC_VERSION = com.apple.compilers.llvm.clang.1_0;
				GCC_WARN_ABOUT_RETURN_TYPE = YES;
				GCC_WARN_UNINITIALIZED_AUTOS = YES;
				GCC_WARN_UNUSED_VARIABLE = YES;
				IPHONEOS_DEPLOYMENT_TARGET = 5.1;
				SDKROOT = iphoneos;
				VALIDATE_PRODUCT = YES;
			};
			name = Release;
		};
		AB2A7A8115B18A66008F7B4B /* Debug */ = {
			isa = XCBuildConfiguration;
			buildSettings = {
				DSTROOT = /tmp/LXSupport.dst;
				GCC_PRECOMPILE_PREFIX_HEADER = YES;
				GCC_PREFIX_HEADER = "LXSupport/LXSupport-Prefix.pch";
				OTHER_LDFLAGS = "-ObjC";
				PRODUCT_NAME = "$(TARGET_NAME)";
				SKIP_INSTALL = YES;
			};
			name = Debug;
		};
		AB2A7A8215B18A66008F7B4B /* Release */ = {
			isa = XCBuildConfiguration;
			buildSettings = {
				DSTROOT = /tmp/LXSupport.dst;
				GCC_PRECOMPILE_PREFIX_HEADER = YES;
				GCC_PREFIX_HEADER = "LXSupport/LXSupport-Prefix.pch";
				OTHER_LDFLAGS = "-ObjC";
				PRODUCT_NAME = "$(TARGET_NAME)";
				SKIP_INSTALL = YES;
			};
			name = Release;
		};
		AB2A7A8415B18A66008F7B4B /* Debug */ = {
			isa = XCBuildConfiguration;
			buildSettings = {
				FRAMEWORK_SEARCH_PATHS = (
					"$(SDKROOT)/Developer/Library/Frameworks",
					"$(DEVELOPER_LIBRARY_DIR)/Frameworks",
				);
				GCC_PRECOMPILE_PREFIX_HEADER = YES;
				GCC_PREFIX_HEADER = "LXSupport/LXSupport-Prefix.pch";
				INFOPLIST_FILE = "LXSupportTests/LXSupportTests-Info.plist";
				OTHER_LDFLAGS = "-ObjC";
				PRODUCT_NAME = "$(TARGET_NAME)";
				WRAPPER_EXTENSION = octest;
			};
			name = Debug;
		};
		AB2A7A8515B18A66008F7B4B /* Release */ = {
			isa = XCBuildConfiguration;
			buildSettings = {
				FRAMEWORK_SEARCH_PATHS = (
					"$(SDKROOT)/Developer/Library/Frameworks",
					"$(DEVELOPER_LIBRARY_DIR)/Frameworks",
				);
				GCC_PRECOMPILE_PREFIX_HEADER = YES;
				GCC_PREFIX_HEADER = "LXSupport/LXSupport-Prefix.pch";
				INFOPLIST_FILE = "LXSupportTests/LXSupportTests-Info.plist";
				OTHER_LDFLAGS = "-ObjC";
				PRODUCT_NAME = "$(TARGET_NAME)";
				WRAPPER_EXTENSION = octest;
			};
			name = Release;
		};
/* End XCBuildConfiguration section */

/* Begin XCConfigurationList section */
		AB2A7A5615B18A66008F7B4B /* Build configuration list for PBXProject "LXSupport" */ = {
			isa = XCConfigurationList;
			buildConfigurations = (
				AB2A7A7E15B18A66008F7B4B /* Debug */,
				AB2A7A7F15B18A66008F7B4B /* Release */,
			);
			defaultConfigurationIsVisible = 0;
			defaultConfigurationName = Release;
		};
		AB2A7A8015B18A66008F7B4B /* Build configuration list for PBXNativeTarget "LXSupport" */ = {
			isa = XCConfigurationList;
			buildConfigurations = (
				AB2A7A8115B18A66008F7B4B /* Debug */,
				AB2A7A8215B18A66008F7B4B /* Release */,
			);
			defaultConfigurationIsVisible = 0;
			defaultConfigurationName = Release;
		};
		AB2A7A8315B18A66008F7B4B /* Build configuration list for PBXNativeTarget "LXSupportTests" */ = {
			isa = XCConfigurationList;
			buildConfigurations = (
				AB2A7A8415B18A66008F7B4B /* Debug */,
				AB2A7A8515B18A66008F7B4B /* Release */,
			);
			defaultConfigurationIsVisible = 0;
			defaultConfigurationName = Release;
		};
/* End XCConfigurationList section */
	};
	rootObject = AB2A7A5315B18A66008F7B4B /* Project object */;
}
